<?xml version="1.0" encoding="utf-8"?>
<Project ToolsVersion="4.0" xmlns="http://schemas.microsoft.com/developer/msbuild/2003">
  <ItemGroup>
    <ClCompile Include="Source\EndingScreen.cpp" />
    <ClCompile Include="Source\EntityManager.cpp" />
    <ClCompile Include="Source\FadeToBlack.cpp" />
    <ClCompile Include="Source\LogoScreen.cpp" />
    <ClCompile Include="Source\Main.cpp" />
    <ClCompile Include="Source\App.cpp" />
    <ClCompile Include="Source\Audio.cpp" />
    <ClCompile Include="Source\Input.cpp" />
    <ClCompile Include="Source\Map.cpp" />
    <ClCompile Include="Source\Pathfinding.cpp" />
    <ClCompile Include="Source\PerfTimer.cpp" />
    <ClCompile Include="Source\Timer.cpp" />
    <ClCompile Include="Source\TitleScreen.cpp" />
    <ClCompile Include="Source\Player.cpp" />
    <ClCompile Include="Source\Scene.cpp" />
    <ClCompile Include="Source\Render.cpp" />
    <ClCompile Include="Source\Textures.cpp" />
    <ClCompile Include="Source\Window.cpp" />
    <ClCompile Include="Source\Log.cpp">
      <Filter>Utilities</Filter>
    </ClCompile>
    <ClCompile Include="Source\External\PugiXml\src\pugixml.cpp">
      <Filter>External</Filter>
    </ClCompile>
    <ClCompile Include="Source\InputHandler.cpp" />
    <ClCompile Include="Source\EnemyFly.cpp" />
    <ClCompile Include="Source\EnemyWalk.cpp" />
    <ClCompile Include="Source\Coin.cpp" />
    <ClCompile Include="Source\Heart.cpp" />
    <ClCompile Include="Source\Collisions.cpp" />
    <ClCompile Include="Source\Particles.cpp" />
  </ItemGroup>
  <ItemGroup>
    <ClInclude Include="Source\Animation.h" />
    <ClInclude Include="Source\EndingScreen.h" />
    <ClInclude Include="Source\Entity.h" />
    <ClInclude Include="Source\EntityManager.h" />
    <ClInclude Include="Source\FadeToBlack.h" />
    <ClInclude Include="Source\LogoScreen.h" />
    <ClInclude Include="Source\Map.h" />
    <ClInclude Include="Source\Pathfinding.h" />
    <ClInclude Include="Source\PerfTimer.h" />
    <ClInclude Include="Source\Timer.h" />
    <ClInclude Include="Source\TitleScreen.h" />
    <ClInclude Include="Source\Player.h" />
    <ClInclude Include="Source\Scene.h" />
    <ClInclude Include="Source\Audio.h" />
    <ClInclude Include="Source\Input.h" />
    <ClInclude Include="Source\App.h" />
    <ClInclude Include="Source\Module.h" />
    <ClInclude Include="Source\Render.h" />
    <ClInclude Include="Source\Textures.h" />
    <ClInclude Include="Source\Window.h" />
    <ClInclude Include="Source\List.h">
      <Filter>Utilities</Filter>
    </ClInclude>
    <ClInclude Include="Source\Defs.h">
      <Filter>Utilities</Filter>
    </ClInclude>
    <ClInclude Include="Source\DynArray.h">
      <Filter>Utilities</Filter>
    </ClInclude>
    <ClInclude Include="Source\Log.h">
      <Filter>Utilities</Filter>
    </ClInclude>
    <ClInclude Include="Source\Point.h">
      <Filter>Utilities</Filter>
    </ClInclude>
    <ClInclude Include="Source\SString.h">
      <Filter>Utilities</Filter>
    </ClInclude>
    <ClInclude Include="Source\External\PugiXml\src\pugiconfig.hpp">
      <Filter>External</Filter>
    </ClInclude>
    <ClInclude Include="Source\External\PugiXml\src\pugixml.hpp">
      <Filter>External</Filter>
    </ClInclude>
    <ClInclude Include="Source\Command.h" />
    <ClInclude Include="Source\InputHandler.h" />
    <ClInclude Include="Source\EnemyFly.h" />
    <ClInclude Include="Source\EnemyWalk.h" />
    <ClInclude Include="Source\Coin.h" />
    <ClInclude Include="Source\Heart.h" />
    <ClInclude Include="Source\Collisions.h" />
    <ClInclude Include="Source\Particles.h" />
  </ItemGroup>
  <ItemGroup>
    <Filter Include="Utilities">
      <UniqueIdentifier>{47e942cf-8744-473c-8906-f1d0cfc6ed70}</UniqueIdentifier>
    </Filter>
    <Filter Include="External">
      <UniqueIdentifier>{e07d5a70-b77c-4443-873f-b3e34b175e36}</UniqueIdentifier>
    </Filter>
  </ItemGroup>
</Project>